#MicroXplorer Configuration settings - do not modify
CAD.formats=
CAD.pinconfig=
CAD.provider=
Dma.Request0=SAI1_B
Dma.RequestsNb=1
Dma.SAI1_B.0.Direction=DMA_MEMORY_TO_PERIPH
Dma.SAI1_B.0.FIFOMode=DMA_FIFOMODE_ENABLE
Dma.SAI1_B.0.FIFOThreshold=DMA_FIFO_THRESHOLD_FULL
Dma.SAI1_B.0.Instance=DMA2_Stream4
Dma.SAI1_B.0.MemBurst=DMA_MBURST_SINGLE
Dma.SAI1_B.0.MemDataAlignment=DMA_MDATAALIGN_WORD
Dma.SAI1_B.0.MemInc=DMA_MINC_ENABLE
Dma.SAI1_B.0.Mode=DMA_NORMAL
Dma.SAI1_B.0.PeriphBurst=DMA_PBURST_SINGLE
Dma.SAI1_B.0.PeriphDataAlignment=DMA_PDATAALIGN_WORD
Dma.SAI1_B.0.PeriphInc=DMA_PINC_DISABLE
Dma.SAI1_B.0.Priority=DMA_PRIORITY_LOW
Dma.SAI1_B.0.RequestParameters=Instance,Direction,PeriphInc,MemInc,PeriphDataAlignment,MemDataAlignment,Mode,Priority,FIFOMode,FIFOThreshold,MemBurst,PeriphBurst
File.Version=6
GPIO.groupedBy=Group By Peripherals
KeepUserPlacement=false
Mcu.CPN=STM32F750N8H6
Mcu.Family=STM32F7
Mcu.IP0=CORTEX_M7
Mcu.IP1=DMA
Mcu.IP2=NVIC
Mcu.IP3=RCC
Mcu.IP4=SAI1
Mcu.IP5=SYS
Mcu.IP6=USART1
Mcu.IP7=USB_DEVICE
Mcu.IP8=USB_OTG_HS
Mcu.IPNb=9
Mcu.Name=STM32F750N8Hx
Mcu.Package=TFBGA216
Mcu.Pin0=PE3
Mcu.Pin1=PB5
Mcu.Pin10=PI3
Mcu.Pin11=PI2
Mcu.Pin12=PC13
Mcu.Pin13=PK3
Mcu.Pin14=PD4
Mcu.Pin15=PH15
Mcu.Pin16=PC14/OSC32_IN
Mcu.Pin17=PI12
Mcu.Pin18=PH13
Mcu.Pin19=PA9
Mcu.Pin2=PB3
Mcu.Pin20=PC15/OSC32_OUT
Mcu.Pin21=PI11
Mcu.Pin22=PH0/OSC_IN
Mcu.Pin23=PI13
Mcu.Pin24=PH1/OSC_OUT
Mcu.Pin25=PH4
Mcu.Pin26=PG7
Mcu.Pin27=PG6
Mcu.Pin28=PF7
Mcu.Pin29=PF6
Mcu.Pin3=PA14
Mcu.Pin30=PH2
Mcu.Pin31=PB13
Mcu.Pin32=PF9
Mcu.Pin33=PF8
Mcu.Pin34=PB12
Mcu.Pin35=PC0
Mcu.Pin36=PG3
Mcu.Pin37=PG2
Mcu.Pin38=PA5
Mcu.Pin39=PB10
Mcu.Pin4=PA13
Mcu.Pin40=PA3
Mcu.Pin41=PB1
Mcu.Pin42=PB0
Mcu.Pin43=PB11
Mcu.Pin44=VP_SAI1_VP_$IpInstance_SAIB_SAI_BASIC
Mcu.Pin45=VP_SYS_VS_tim6
Mcu.Pin46=VP_USB_DEVICE_VS_USB_DEVICE_AUDIO_HS
Mcu.Pin5=PB7
Mcu.Pin6=PJ12
Mcu.Pin7=PD6
Mcu.Pin8=PI8
Mcu.Pin9=PD5
Mcu.PinsNb=47
Mcu.ThirdPartyNb=0
Mcu.UserConstants=
Mcu.UserName=STM32F750N8Hx
MxCube.Version=6.9.0
MxDb.Version=DB.6.0.90
NVIC.BusFault_IRQn=true\:0\:0\:false\:false\:true\:false\:false\:false
NVIC.DMA2_Stream4_IRQn=true\:0\:0\:false\:false\:true\:false\:true\:true
NVIC.DebugMonitor_IRQn=true\:0\:0\:false\:false\:true\:false\:false\:false
NVIC.ForceEnableDMAVector=true
NVIC.HardFault_IRQn=true\:0\:0\:false\:false\:true\:false\:false\:false
NVIC.MemoryManagement_IRQn=true\:0\:0\:false\:false\:true\:false\:false\:false
NVIC.NonMaskableInt_IRQn=true\:0\:0\:false\:false\:true\:false\:false\:false
NVIC.OTG_HS_IRQn=true\:0\:0\:false\:false\:true\:false\:true\:true
NVIC.PendSV_IRQn=true\:15\:0\:false\:false\:true\:false\:false\:false
NVIC.PriorityGroup=NVIC_PRIORITYGROUP_4
NVIC.SVCall_IRQn=true\:0\:0\:false\:false\:true\:false\:false\:false
NVIC.SysTick_IRQn=true\:0\:0\:false\:false\:true\:false\:true\:false
NVIC.TIM6_DAC_IRQn=true\:15\:0\:false\:false\:true\:false\:true\:true
NVIC.TimeBase=TIM6_DAC_IRQn
NVIC.TimeBaseIP=TIM6
NVIC.UsageFault_IRQn=true\:0\:0\:false\:false\:true\:false\:false\:false
PA13.GPIOParameters=GPIO_Label
PA13.GPIO_Label=SWDIO
PA13.Locked=true
PA13.Mode=Trace_Asynchronous_SW
PA13.Signal=SYS_JTMS-SWDIO
PA14.GPIOParameters=GPIO_Label
PA14.GPIO_Label=SWCLK
PA14.Locked=true
PA14.Mode=Trace_Asynchronous_SW
PA14.Signal=SYS_JTCK-SWCLK
PA3.Mode=Device_HS
PA3.Signal=USB_OTG_HS_ULPI_D0
PA5.Mode=Device_HS
PA5.Signal=USB_OTG_HS_ULPI_CK
PA9.GPIOParameters=GPIO_Speed,GPIO_PuPd,GPIO_Label
PA9.GPIO_Label=VCP_TX [STM32F103CBT6_PA3]
PA9.GPIO_PuPd=GPIO_NOPULL
PA9.GPIO_Speed=GPIO_SPEED_FREQ_LOW
PA9.Locked=true
PA9.Mode=Asynchronous
PA9.Signal=USART1_TX
PB0.Mode=Device_HS
PB0.Signal=USB_OTG_HS_ULPI_D1
PB1.Mode=Device_HS
PB1.Signal=USB_OTG_HS_ULPI_D2
PB10.GPIOParameters=GPIO_Label
PB10.GPIO_Label=ULPI_D3 [USB3320C-EZK_D3]
PB10.Locked=true
PB10.Mode=Device_HS
PB10.Signal=USB_OTG_HS_ULPI_D3
PB11.Mode=Device_HS
PB11.Signal=USB_OTG_HS_ULPI_D4
PB12.Mode=Device_HS
PB12.Signal=USB_OTG_HS_ULPI_D5
PB13.Mode=Device_HS
PB13.Signal=USB_OTG_HS_ULPI_D6
PB3.GPIOParameters=GPIO_Label
PB3.GPIO_Label=SWO
PB3.Locked=true
PB3.Mode=Trace_Asynchronous_SW
PB3.Signal=SYS_JTDO-SWO
PB5.Mode=Device_HS
PB5.Signal=USB_OTG_HS_ULPI_D7
PB7.GPIOParameters=GPIO_Speed,GPIO_PuPd,GPIO_Label
PB7.GPIO_Label=VCP_RX [STM32F103CBT6_PA2]
PB7.GPIO_PuPd=GPIO_NOPULL
PB7.GPIO_Speed=GPIO_SPEED_FREQ_LOW
PB7.Locked=true
PB7.Mode=Asynchronous
PB7.Signal=USART1_RX
PC0.Mode=Device_HS
PC0.Signal=USB_OTG_HS_ULPI_STP
PC13.GPIOParameters=GPIO_Label
PC13.GPIO_Label=uSD_Detect
PC13.Signal=GPIO_Input
PC14/OSC32_IN.GPIOParameters=GPIO_Label
PC14/OSC32_IN.GPIO_Label=RCC_OSC32_IN
PC14/OSC32_IN.Locked=true
PC14/OSC32_IN.Mode=LSE-External-Oscillator
PC14/OSC32_IN.Signal=RCC_OSC32_IN
PC15/OSC32_OUT.GPIOParameters=GPIO_Label
PC15/OSC32_OUT.GPIO_Label=RCC_OSC32_OUT
PC15/OSC32_OUT.Locked=true
PC15/OSC32_OUT.Mode=LSE-External-Oscillator
PC15/OSC32_OUT.Signal=RCC_OSC32_OUT
PD4.GPIOParameters=GPIO_Label
PD4.GPIO_Label=OTG_FS_OverCurrent [STMPS2141STR_Fault]
PD4.Locked=true
PD4.Signal=GPIO_Input
PD5.GPIOParameters=PinState,GPIO_Label
PD5.GPIO_Label=OTG_FS_PowerSwitchOn [STMPS2141STR_EN]
PD5.Locked=true
PD5.PinState=GPIO_PIN_SET
PD5.Signal=GPIO_Output
PD6.GPIOParameters=GPIO_Label,GPIO_ModeDefaultEXTI
PD6.GPIO_Label=Audio_INT
PD6.GPIO_ModeDefaultEXTI=GPIO_MODE_EVT_RISING
PD6.Signal=GPXTI6
PE3.GPIOParameters=GPIO_Label
PE3.GPIO_Label=OTG_HS_OverCurrent [STMPS2151STR_FAULT]
PE3.Locked=true
PE3.Signal=GPIO_Input
PF6.Mode=SAI_B_MasterWithClock
PF6.Signal=SAI1_SD_B
PF7.Mode=SAI_B_MasterWithClock
PF7.Signal=SAI1_MCLK_B
PF8.Mode=SAI_B_MasterWithClock
PF8.Signal=SAI1_SCK_B
PF9.Mode=SAI_B_MasterWithClock
PF9.Signal=SAI1_FS_B
PG2.GPIOParameters=GPIO_Label
PG2.GPIO_Label=RMII_RXER
PG2.Locked=true
PG2.Signal=GPIO_Input
PG3.GPIOParameters=GPIO_Label
PG3.GPIO_Label=EXT_RST
PG3.Locked=true
PG3.Signal=GPIO_Output
PG6.GPIOParameters=GPIO_Label
PG6.GPIO_Label=ARDUINO D2
PG6.Locked=true
PG6.Signal=GPIO_Output
PG7.GPIOParameters=GPIO_Label
PG7.GPIO_Label=ARDUINO D4
PG7.Locked=true
PG7.Signal=GPIO_Output
PH0/OSC_IN.GPIOParameters=GPIO_Label
PH0/OSC_IN.GPIO_Label=OSC_25M [NZ2520SB-25.00M_OUT]
PH0/OSC_IN.Locked=true
PH0/OSC_IN.Mode=HSE-External-Oscillator
PH0/OSC_IN.Signal=RCC_OSC_IN
PH1/OSC_OUT.Locked=true
PH1/OSC_OUT.Mode=HSE-External-Oscillator
PH1/OSC_OUT.Signal=RCC_OSC_OUT
PH13.GPIOParameters=GPIO_Label
PH13.GPIO_Label=DCMI_PWR_EN
PH13.Locked=true
PH13.Signal=GPIO_Output
PH15.GPIOParameters=GPIO_Label
PH15.GPIO_Label=TP3
PH15.Locked=true
PH15.Signal=GPIO_Input
PH2.GPIOParameters=GPIO_Label
PH2.GPIO_Label=NC2
PH2.Locked=true
PH2.Signal=GPIO_Input
PH4.Mode=Device_HS
PH4.Signal=USB_OTG_HS_ULPI_NXT
PI11.Mode=Device_HS
PI11.Signal=USB_OTG_HS_ULPI_DIR
PI12.GPIOParameters=PinState,GPIO_Label
PI12.GPIO_Label=LCD_DISP [RK043FN48H-CT672B_DISP] 
PI12.Locked=true
PI12.PinState=GPIO_PIN_SET
PI12.Signal=GPIO_Output
PI13.GPIOParameters=GPIO_Label,GPIO_ModeDefaultEXTI
PI13.GPIO_Label=LCD_INT
PI13.GPIO_ModeDefaultEXTI=GPIO_MODE_EVT_RISING
PI13.Signal=GPXTI13
PI2.GPIOParameters=GPIO_Label
PI2.GPIO_Label=ARDUINO D8
PI2.Locked=true
PI2.Signal=GPIO_Output
PI3.GPIOParameters=GPIO_Label
PI3.GPIO_Label=ARDUINO D7
PI3.Locked=true
PI3.Signal=GPIO_Output
PI8.GPIOParameters=GPIO_Label
PI8.GPIO_Label=NC1 [TP2]
PI8.Locked=true
PI8.Signal=RTC_TS
PJ12.GPIOParameters=GPIO_Label
PJ12.GPIO_Label=OTG_FS_VBUS
PJ12.Locked=true
PJ12.Signal=GPIO_Input
PK3.GPIOParameters=GPIO_Speed,PinState,GPIO_Label
PK3.GPIO_Label=LCD_BL_CTRL [STLD40DPUR_EN]
PK3.GPIO_Speed=GPIO_SPEED_FREQ_LOW
PK3.Locked=true
PK3.PinState=GPIO_PIN_SET
PK3.Signal=GPIO_Output
PinOutPanel.CurrentBGAView=Top
PinOutPanel.RotationAngle=0
ProjectManager.AskForMigrate=true
ProjectManager.BackupPrevious=false
ProjectManager.CompilerOptimize=6
ProjectManager.ComputerToolchain=false
ProjectManager.CoupleFile=false
ProjectManager.CustomerFirmwarePackage=
ProjectManager.DefaultFWLocation=true
ProjectManager.DeletePrevious=true
ProjectManager.DeviceId=STM32F750N8Hx
ProjectManager.FirmwarePackage=STM32Cube FW_F7 V1.17.0
ProjectManager.FreePins=false
ProjectManager.HalAssertFull=false
ProjectManager.HeapSize=0x1000
ProjectManager.KeepUserCode=true
ProjectManager.LastFirmware=true
ProjectManager.LibraryCopy=1
ProjectManager.MainLocation=Core/Src
ProjectManager.NoMain=false
ProjectManager.PreviousToolchain=STM32CubeIDE
ProjectManager.ProjectBuild=false
ProjectManager.ProjectFileName=STM32F7-USB.ioc
ProjectManager.ProjectName=STM32F7-USB
ProjectManager.ProjectStructure=
ProjectManager.RegisterCallBack=
ProjectManager.StackSize=0x2000
ProjectManager.TargetToolchain=STM32CubeIDE
ProjectManager.ToolChainLocation=
ProjectManager.UAScriptAfterPath=
ProjectManager.UAScriptBeforePath=
ProjectManager.UnderRoot=true
ProjectManager.functionlistsort=1-SystemClock_Config-RCC-false-LL-false,2-MX_GPIO_Init-GPIO-false-LL-true,3-MX_DMA_Init-DMA-false-HAL-true,4-MX_USART1_UART_Init-USART1-false-HAL-true,5-MX_CRC_Init-CRC-false-HAL-true,5-MX_USB_DEVICE_Init-USB_DEVICE-false-HAL-false,7-MX_RTC_Init-RTC-false-HAL-true,6-MX_SAI1_Init-SAI1-false-HAL-true,0-MX_CORTEX_M7_Init-CORTEX_M7-false-HAL-true
RCC.AHBFreq_Value=200000000
RCC.APB1CLKDivider=RCC_HCLK_DIV4
RCC.APB1Freq_Value=50000000
RCC.APB1TimFreq_Value=100000000
RCC.APB2CLKDivider=RCC_HCLK_DIV2
RCC.APB2Freq_Value=100000000
RCC.APB2TimFreq_Value=200000000
RCC.CECFreq_Value=32786.88524590164
RCC.CortexFreq_Value=200000000
RCC.EthernetFreq_Value=200000000
RCC.FCLKCortexFreq_Value=200000000
RCC.FamilyName=M
RCC.HCLKFreq_Value=200000000
RCC.HSE_VALUE=25000000
RCC.HSI_VALUE=16000000
RCC.I2C1Freq_Value=50000000
RCC.I2C2Freq_Value=50000000
RCC.I2C3Freq_Value=50000000
RCC.I2C4Freq_Value=50000000
RCC.I2SFreq_Value=50000000
RCC.IPParameters=AHBFreq_Value,APB1CLKDivider,APB1Freq_Value,APB1TimFreq_Value,APB2CLKDivider,APB2Freq_Value,APB2TimFreq_Value,CECFreq_Value,CortexFreq_Value,EthernetFreq_Value,FCLKCortexFreq_Value,FamilyName,HCLKFreq_Value,HSE_VALUE,HSI_VALUE,I2C1Freq_Value,I2C2Freq_Value,I2C3Freq_Value,I2C4Freq_Value,I2SFreq_Value,LCDTFToutputFreq_Value,LPTIM1Freq_Value,LSI_VALUE,MCO2PinFreq_Value,PLL48CLockSelection,PLLCLKFreq_Value,PLLI2SN,PLLI2SPCLKFreq_Value,PLLI2SQCLKFreq_Value,PLLI2SRCLKFreq_Value,PLLI2SRoutputFreq_Value,PLLM,PLLN,PLLQ,PLLQCLKFreq_Value,PLLQoutputFreq_Value,PLLSAIN,PLLSAIP,PLLSAIPCLKFreq_Value,PLLSAIQCLKFreq_Value,PLLSAIR,PLLSAIRCLKFreq_Value,PLLSAIoutputFreq_Value,PLLSourceVirtual,RNGFreq_Value,SAI1Freq_Value,SAI2Freq_Value,SDMMCClockSelection,SDMMCFreq_Value,SPDIFRXFreq_Value,SYSCLKFreq_VALUE,SYSCLKSource,UART4Freq_Value,UART5Freq_Value,UART7Freq_Value,UART8Freq_Value,USART1Freq_Value,USART2Freq_Value,USART3Freq_Value,USART6Freq_Value,USBFreq_Value,VCOI2SOutputFreq_Value,VCOInputFreq_Value,VCOOutputFreq_Value,VCOSAIOutputFreq_Value
RCC.LCDTFToutputFreq_Value=38400000
RCC.LPTIM1Freq_Value=50000000
RCC.LSI_VALUE=32000
RCC.MCO2PinFreq_Value=200000000
RCC.PLL48CLockSelection=RCC_CLK48SOURCE_PLLSAIP
RCC.PLLCLKFreq_Value=200000000
RCC.PLLI2SN=100
RCC.PLLI2SPCLKFreq_Value=50000000
RCC.PLLI2SQCLKFreq_Value=50000000
RCC.PLLI2SRCLKFreq_Value=50000000
RCC.PLLI2SRoutputFreq_Value=50000000
RCC.PLLM=25
RCC.PLLN=400
RCC.PLLQ=9
RCC.PLLQCLKFreq_Value=44444444.44444445
RCC.PLLQoutputFreq_Value=44444444.44444445
RCC.PLLSAIN=384
RCC.PLLSAIP=RCC_PLLSAIP_DIV8
RCC.PLLSAIPCLKFreq_Value=48000000
RCC.PLLSAIQCLKFreq_Value=192000000
RCC.PLLSAIR=5
RCC.PLLSAIRCLKFreq_Value=76800000
RCC.PLLSAIoutputFreq_Value=48000000
RCC.PLLSourceVirtual=RCC_PLLSOURCE_HSE
RCC.RNGFreq_Value=48000000
RCC.SAI1Freq_Value=192000000
RCC.SAI2Freq_Value=192000000
RCC.SDMMCClockSelection=RCC_SDMMC1CLKSOURCE_CLK48
RCC.SDMMCFreq_Value=48000000
RCC.SPDIFRXFreq_Value=50000000
RCC.SYSCLKFreq_VALUE=200000000
RCC.SYSCLKSource=RCC_SYSCLKSOURCE_PLLCLK
RCC.UART4Freq_Value=50000000
RCC.UART5Freq_Value=50000000
RCC.UART7Freq_Value=50000000
RCC.UART8Freq_Value=50000000
RCC.USART1Freq_Value=100000000
RCC.USART2Freq_Value=50000000
RCC.USART3Freq_Value=50000000
RCC.USART6Freq_Value=100000000
RCC.USBFreq_Value=48000000
RCC.VCOI2SOutputFreq_Value=100000000
RCC.VCOInputFreq_Value=1000000
RCC.VCOOutputFreq_Value=400000000
RCC.VCOSAIOutputFreq_Value=384000000
SAI1.AudioFrequency-SAI_B_MasterWithClock=SAI_AUDIO_FREQUENCY_192K
SAI1.BasicDataSize-SAI_B_MasterWithClock=SAI_PROTOCOL_DATASIZE_32BIT
SAI1.BasicProtocol-SAI_B_MasterWithClock=SAI_PCM_SHORT
SAI1.ErrorAudioFreq-SAI_B_MasterWithClock=-2.34 %
SAI1.FIFOThreshold-SAI_B_MasterWithClock=SAI_FIFOTHRESHOLD_1QF
SAI1.IPParameters=Instance-SAI_B_MasterWithClock,VirtualMode-SAI_B_MasterWithClock,MClockEnable-SAI_B_MasterWithClock,RealAudioFreq-SAI_B_MasterWithClock,ErrorAudioFreq-SAI_B_MasterWithClock,InitProtocol-SAI_B_MasterWithClock,VirtualProtocol-SAI_B_BASIC,FIFOThreshold-SAI_B_MasterWithClock,AudioFrequency-SAI_B_MasterWithClock,BasicDataSize-SAI_B_MasterWithClock,BasicProtocol-SAI_B_MasterWithClock,OutputDrive-SAI_B_MasterWithClock
SAI1.InitProtocol-SAI_B_MasterWithClock=Enable
SAI1.Instance-SAI_B_MasterWithClock=SAI$Index_Block_B
SAI1.MClockEnable-SAI_B_MasterWithClock=SAI_MASTERCLOCK_ENABLE
SAI1.OutputDrive-SAI_B_MasterWithClock=SAI_OUTPUTDRIVE_ENABLE
SAI1.RealAudioFreq-SAI_B_MasterWithClock=187.5 KHz
SAI1.VirtualMode-SAI_B_MasterWithClock=VM_MASTER
SAI1.VirtualProtocol-SAI_B_BASIC=VM_BASIC_PROTOCOL
SH.GPXTI13.0=GPIO_EXTI13
SH.GPXTI13.ConfNb=1
SH.GPXTI6.0=GPIO_EXTI6
SH.GPXTI6.ConfNb=1
USART1.IPParameters=VirtualMode-Asynchronous
USART1.VirtualMode-Asynchronous=VM_ASYNC
USB_DEVICE.CLASS_NAME_HS=AUDIO
USB_DEVICE.IPParameters=VirtualMode-AUDIO_HS,VirtualModeHS,CLASS_NAME_HS
USB_DEVICE.VirtualMode-AUDIO_HS=Audio
USB_DEVICE.VirtualModeHS=Audio_HS
USB_OTG_HS.IPParameters=VirtualMode-Device_HS
USB_OTG_HS.VirtualMode-Device_HS=Device_HS
VP_SAI1_VP_$IpInstance_SAIB_SAI_BASIC.Mode=SAI_B_BASIC
VP_SAI1_VP_$IpInstance_SAIB_SAI_BASIC.Signal=SAI1_VP_$IpInstance_SAIB_SAI_BASIC
VP_SYS_VS_tim6.Mode=TIM6
VP_SYS_VS_tim6.Signal=SYS_VS_tim6
VP_USB_DEVICE_VS_USB_DEVICE_AUDIO_HS.Mode=AUDIO_HS
VP_USB_DEVICE_VS_USB_DEVICE_AUDIO_HS.Signal=USB_DEVICE_VS_USB_DEVICE_AUDIO_HS
board=STM32F7508-DK
boardIOC=true
